
Microsoft Visual Studio Solution File, Format Version 12.00
# Visual Studio 2013
VisualStudioVersion = 12.0.21005.1
MinimumVisualStudioVersion = 10.0.40219.1
Project("{FAE04EC0-301F-11D3-BF4B-00C04F79EFBC}") = "Toast.Cfg", "Toast.Cfg\Toast.Cfg.csproj", "{F6582C8E-DECA-4306-BFAF-C03F3DEB4366}"
EndProject
Project("{FAE04EC0-301F-11D3-BF4B-00C04F79EFBC}") = "Toast.DomainModel", "Toast.DomainModel\Toast.DomainModel.csproj", "{7400EF80-E757-42EA-9FD8-D546F9D087AE}"
EndProject
Project("{FAE04EC0-301F-11D3-BF4B-00C04F79EFBC}") = "Toast.Factory", "Toast.Factory\Toast.Factory.csproj", "{127DD424-58E4-4CF0-8BE0-6C93E2468BFB}"
EndProject
Project("{FAE04EC0-301F-11D3-BF4B-00C04F79EFBC}") = "Toast.Infrastructure", "Toast.Infrastructure\Toast.Infrastructure.csproj", "{4314D0DE-CC77-4F37-A92F-592052805309}"
EndProject
Project("{FAE04EC0-301F-11D3-BF4B-00C04F79EFBC}") = "Toast.Map", "Toast.Map\Toast.Map.csproj", "{4FC4DC22-A668-4C0F-AB34-AF24BA9155CF}"
EndProject
Project("{FAE04EC0-301F-11D3-BF4B-00C04F79EFBC}") = "Toast.Web", "Toast.Web\Toast.Web.csproj", "{B6784BC9-F5B3-4756-A3E0-04EA3B42E6A2}"
EndProject
Project("{FAE04EC0-301F-11D3-BF4B-00C04F79EFBC}") = "Toast.Utility", "Toast.Utility\Toast.Utility.csproj", "{8CD36945-6F29-43CF-B6C8-47938D7A684A}"
EndProject
Project("{FAE04EC0-301F-11D3-BF4B-00C04F79EFBC}") = "Toast.Pay", "Toast.Pay\Toast.Pay.csproj", "{D79856F5-5F45-4D41-A5DE-CCF942A98B6E}"
EndProject
Global
	GlobalSection(SolutionConfigurationPlatforms) = preSolution
		Debug|Any CPU = Debug|Any CPU
		Release|Any CPU = Release|Any CPU
	EndGlobalSection
	GlobalSection(ProjectConfigurationPlatforms) = postSolution
		{F6582C8E-DECA-4306-BFAF-C03F3DEB4366}.Debug|Any CPU.ActiveCfg = Debug|Any CPU
		{F6582C8E-DECA-4306-BFAF-C03F3DEB4366}.Debug|Any CPU.Build.0 = Debug|Any CPU
		{F6582C8E-DECA-4306-BFAF-C03F3DEB4366}.Release|Any CPU.ActiveCfg = Release|Any CPU
		{F6582C8E-DECA-4306-BFAF-C03F3DEB4366}.Release|Any CPU.Build.0 = Release|Any CPU
		{7400EF80-E757-42EA-9FD8-D546F9D087AE}.Debug|Any CPU.ActiveCfg = Debug|Any CPU
		{7400EF80-E757-42EA-9FD8-D546F9D087AE}.Debug|Any CPU.Build.0 = Debug|Any CPU
		{7400EF80-E757-42EA-9FD8-D546F9D087AE}.Release|Any CPU.ActiveCfg = Release|Any CPU
		{7400EF80-E757-42EA-9FD8-D546F9D087AE}.Release|Any CPU.Build.0 = Release|Any CPU
		{127DD424-58E4-4CF0-8BE0-6C93E2468BFB}.Debug|Any CPU.ActiveCfg = Debug|Any CPU
		{127DD424-58E4-4CF0-8BE0-6C93E2468BFB}.Debug|Any CPU.Build.0 = Debug|Any CPU
		{127DD424-58E4-4CF0-8BE0-6C93E2468BFB}.Release|Any CPU.ActiveCfg = Release|Any CPU
		{127DD424-58E4-4CF0-8BE0-6C93E2468BFB}.Release|Any CPU.Build.0 = Release|Any CPU
		{4314D0DE-CC77-4F37-A92F-592052805309}.Debug|Any CPU.ActiveCfg = Debug|Any CPU
		{4314D0DE-CC77-4F37-A92F-592052805309}.Debug|Any CPU.Build.0 = Debug|Any CPU
		{4314D0DE-CC77-4F37-A92F-592052805309}.Release|Any CPU.ActiveCfg = Release|Any CPU
		{4314D0DE-CC77-4F37-A92F-592052805309}.Release|Any CPU.Build.0 = Release|Any CPU
		{4FC4DC22-A668-4C0F-AB34-AF24BA9155CF}.Debug|Any CPU.ActiveCfg = Debug|Any CPU
		{4FC4DC22-A668-4C0F-AB34-AF24BA9155CF}.Debug|Any CPU.Build.0 = Debug|Any CPU
		{4FC4DC22-A668-4C0F-AB34-AF24BA9155CF}.Release|Any CPU.ActiveCfg = Release|Any CPU
		{4FC4DC22-A668-4C0F-AB34-AF24BA9155CF}.Release|Any CPU.Build.0 = Release|Any CPU
		{B6784BC9-F5B3-4756-A3E0-04EA3B42E6A2}.Debug|Any CPU.ActiveCfg = Debug|Any CPU
		{B6784BC9-F5B3-4756-A3E0-04EA3B42E6A2}.Debug|Any CPU.Build.0 = Debug|Any CPU
		{B6784BC9-F5B3-4756-A3E0-04EA3B42E6A2}.Release|Any CPU.ActiveCfg = Release|Any CPU
		{B6784BC9-F5B3-4756-A3E0-04EA3B42E6A2}.Release|Any CPU.Build.0 = Release|Any CPU
		{8CD36945-6F29-43CF-B6C8-47938D7A684A}.Debug|Any CPU.ActiveCfg = Debug|Any CPU
		{8CD36945-6F29-43CF-B6C8-47938D7A684A}.Debug|Any CPU.Build.0 = Debug|Any CPU
		{8CD36945-6F29-43CF-B6C8-47938D7A684A}.Release|Any CPU.ActiveCfg = Release|Any CPU
		{8CD36945-6F29-43CF-B6C8-47938D7A684A}.Release|Any CPU.Build.0 = Release|Any CPU
		{D79856F5-5F45-4D41-A5DE-CCF942A98B6E}.Debug|Any CPU.ActiveCfg = Debug|Any CPU
		{D79856F5-5F45-4D41-A5DE-CCF942A98B6E}.Debug|Any CPU.Build.0 = Debug|Any CPU
		{D79856F5-5F45-4D41-A5DE-CCF942A98B6E}.Release|Any CPU.ActiveCfg = Release|Any CPU
		{D79856F5-5F45-4D41-A5DE-CCF942A98B6E}.Release|Any CPU.Build.0 = Release|Any CPU
	EndGlobalSection
	GlobalSection(SolutionProperties) = preSolution
		HideSolutionNode = FALSE
	EndGlobalSection
EndGlobal
